
Microsoft Visual Studio Solution File, Format Version 12.00
# Visual Studio Version 17
VisualStudioVersion = 17.5.33530.505
MinimumVisualStudioVersion = 10.0.40219.1
Project("{FAE04EC0-301F-11D3-BF4B-00C04F79EFBC}") = "QuanLyNhanSu", "QuanLyNhanSu\QuanLyNhanSu.csproj", "{11F51901-35F0-4EAB-999C-BD0545E6879A}"
EndProject
Global
	GlobalSection(SolutionConfigurationPlatforms) = preSolution
		Debug|Any CPU = Debug|Any CPU
		Release|Any CPU = Release|Any CPU
	EndGlobalSection
	GlobalSection(ProjectConfigurationPlatforms) = postSolution
		{11F51901-35F0-4EAB-999C-BD0545E6879A}.Debug|Any CPU.ActiveCfg = Debug|Any CPU
		{11F51901-35F0-4EAB-999C-BD0545E6879A}.Debug|Any CPU.Build.0 = Debug|Any CPU
		{11F51901-35F0-4EAB-999C-BD0545E6879A}.Release|Any CPU.ActiveCfg = Release|Any CPU
		{11F51901-35F0-4EAB-999C-BD0545E6879A}.Release|Any CPU.Build.0 = Release|Any CPU
	EndGlobalSection
	GlobalSection(SolutionProperties) = preSolution
		HideSolutionNode = FALSE
	EndGlobalSection
	GlobalSection(ExtensibilityGlobals) = postSolution
		SolutionGuid = {63F770D4-2D7F-4BC4-AB9A-3EF3BC565860}
	EndGlobalSection
EndGlobal
